// !$*UTF8*$!
{
	archiveVersion = 1;
	classes = {
	};
	objectVersion = 46;
	objects = {

/* Begin PBXBuildFile section */
		07AAA4891EE085AA00D85107 /* AppDelegate.swift in Sources */ = {isa = PBXBuildFile; fileRef = 07AAA4881EE085AA00D85107 /* AppDelegate.swift */; };
		07AAA48B1EE085AA00D85107 /* ViewController.swift in Sources */ = {isa = PBXBuildFile; fileRef = 07AAA48A1EE085AA00D85107 /* ViewController.swift */; };
		07AAA48E1EE085AA00D85107 /* Main.storyboard in Resources */ = {isa = PBXBuildFile; fileRef = 07AAA48C1EE085AA00D85107 /* Main.storyboard */; };
		07AAA4901EE085AA00D85107 /* Assets.xcassets in Resources */ = {isa = PBXBuildFile; fileRef = 07AAA48F1EE085AA00D85107 /* Assets.xcassets */; };
		07AAA4931EE085AA00D85107 /* LaunchScreen.storyboard in Resources */ = {isa = PBXBuildFile; fileRef = 07AAA4911EE085AA00D85107 /* LaunchScreen.storyboard */; };
/* End PBXBuildFile section */

/* Begin PBXFileReference section */
		07AAA4851EE085AA00D85107 /* Fishing.app */ = {isa = PBXFileReference; explicitFileType = wrapper.application; includeInIndex = 0; path = Fishing.app; sourceTree = BUILT_PRODUCTS_DIR; };
		07AAA4881EE085AA00D85107 /* AppDelegate.swift */ = {isa = PBXFileReference; lastKnownFileType = sourcecode.swift; path = AppDelegate.swift; sourceTree = "<group>"; };
		07AAA48A1EE085AA00D85107 /* ViewController.swift */ = {isa = PBXFileReference; lastKnownFileType = sourcecode.swift; path = ViewController.swift; sourceTree = "<group>"; };
		07AAA48D1EE085AA00D85107 /* Base */ = {isa = PBXFileReference; lastKnownFileType = file.storyboard; name = Base; path = Base.lproj/Main.storyboard; sourceTree = "<group>"; };
		07AAA48F1EE085AA00D85107 /* Assets.xcassets */ = {isa = PBXFileReference; lastKnownFileType = folder.assetcatalog; path = Assets.xcassets; sourceTree = "<group>"; };
		07AAA4921EE085AA00D85107 /* Base */ = {isa = PBXFileReference; lastKnownFileType = file.storyboard; name = Base; path = Base.lproj/LaunchScreen.storyboard; sourceTree = "<group>"; };
		07AAA4941EE085AA00D85107 /* Info.plist */ = {isa = PBXFileReference; lastKnownFileType = text.plist.xml; path = Info.plist; sourceTree = "<group>"; };
/* End PBXFileReference section */

/* Begin PBXFrameworksBuildPhase section */
		07AAA4821EE085AA00D85107 /* Frameworks */ = {
			isa = PBXFrameworksBuildPhase;
			buildActionMask = 2147483647;
			files = (
			);
			runOnlyForDeploymentPostprocessing = 0;
		};
/* End PBXFrameworksBuildPhase section */

/* Begin PBXGroup section */
		07AAA47C1EE085AA00D85107 = {
			isa = PBXGroup;
			children = (
				07AAA4871EE085AA00D85107 /* Fishing */,
				07AAA4861EE085AA00D85107 /* Products */,
			);
			sourceTree = "<group>";
		};
		07AAA4861EE085AA00D85107 /* Products */ = {
			isa = PBXGroup;
			children = (
				07AAA4851EE085AA00D85107 /* Fishing.app */,
			);
			name = Products;
			sourceTree = "<group>";
		};
		07AAA4871EE085AA00D85107 /* Fishing */ = {
			isa = PBXGroup;
			children = (
				07AAA4881EE085AA00D85107 /* AppDelegate.swift */,
				07AAA48A1EE085AA00D85107 /* ViewController.swift */,
				07AAA48C1EE085AA00D85107 /* Main.storyboard */,
				07AAA48F1EE085AA00D85107 /* Assets.xcassets */,
				07AAA4911EE085AA00D85107 /* LaunchScreen.storyboard */,
				07AAA4941EE085AA00D85107 /* Info.plist */,
			);
			path = Fishing;
			sourceTree = "<group>";
		};
/* End PBXGroup section */

/* Begin PBXNativeTarget section */
		07AAA4841EE085AA00D85107 /* Fishing */ = {
			isa = PBXNativeTarget;
			buildConfigurationList = 07AAA4971EE085AA00D85107 /* Build configuration list for PBXNativeTarget "Fishing" */;
			buildPhases = (
				07AAA4811EE085AA00D85107 /* Sources */,
				07AAA4821EE085AA00D85107 /* Frameworks */,
				07AAA4831EE085AA00D85107 /* Resources */,
			);
			buildRules = (
			);
			dependencies = (
			);
			name = Fishing;
			productName = Fishing;
			productReference = 07AAA4851EE085AA00D85107 /* Fishing.app */;
			productType = "com.apple.product-type.application";
		};
/* End PBXNativeTarget section */

/* Begin PBXProject section */
		07AAA47D1EE085AA00D85107 /* Project object */ = {
			isa = PBXProject;
			attributes = {
				LastSwiftUpdateCheck = 0830;
				LastUpgradeCheck = 0830;
				ORGANIZATIONNAME = PAC;
				TargetAttributes = {
					07AAA4841EE085AA00D85107 = {
						CreatedOnToolsVersion = 8.3.2;
						ProvisioningStyle = Manual;
					};
				};
			};
			buildConfigurationList = 07AAA4801EE085AA00D85107 /* Build configuration list for PBXProject "Fishing" */;
			compatibilityVersion = "Xcode 3.2";
			developmentRegion = English;
			hasScannedForEncodings = 0;
			knownRegions = (
				en,
				Base,
			);
			mainGroup = 07AAA47C1EE085AA00D85107;
			productRefGroup = 07AAA4861EE085AA00D85107 /* Products */;
			projectDirPath = "";
			projectRoot = "";
			targets = (
				07AAA4841EE085AA00D85107 /* Fishing */,
			);
		};
/* End PBXProject section */

/* Begin PBXResourcesBuildPhase section */
		07AAA4831EE085AA00D85107 /* Resources */ = {
			isa = PBXResourcesBuildPhase;
			buildActionMask = 2147483647;
			files = (
				07AAA4931EE085AA00D85107 /* LaunchScreen.storyboard in Resources */,
				07AAA4901EE085AA00D85107 /* Assets.xcassets in Resources */,
				07AAA48E1EE085AA00D85107 /* Main.storyboard in Resources */,
			);
			runOnlyForDeploymentPostprocessing = 0;
		};
/* End PBXResourcesBuildPhase section */

/* Begin PBXSourcesBuildPhase section */
		07AAA4811EE085AA00D85107 /* Sources */ = {
			isa = PBXSourcesBuildPhase;
			buildActionMask = 2147483647;
			files = (
				07AAA48B1EE085AA00D85107 /* ViewController.swift in Sources */,
				07AAA4891EE085AA00D85107 /* AppDelegate.swift in Sources */,
			);
			runOnlyForDeploymentPostprocessing = 0;
		};
/* End PBXSourcesBuildPhase section */

/* Begin PBXVariantGroup section */
		07AAA48C1EE085AA00D85107 /* Main.storyboard */ = {
			isa = PBXVariantGroup;
			children = (
				07AAA48D1EE085AA00D85107 /* Base */,
			);
			name = Main.storyboard;
			sourceTree = "<group>";
		};
		07AAA4911EE085AA00D85107 /* LaunchScreen.storyboard */ = {
			isa = PBXVariantGroup;
			children = (
				07AAA4921EE085AA00D85107 /* Base */,
			);
			name = LaunchScreen.storyboard;
			sourceTree = "<group>";
		};
/* End PBXVariantGroup section */

/* Begin XCBuildConfiguration section */
		07AAA4951EE085AA00D85107 /* Debug */ = {
			isa = XCBuildConfiguration;
			buildSettings = {
				ALWAYS_SEARCH_USER_PATHS = NO;
				CLANG_ANALYZER_NONNULL = YES;
				CLANG_ANALYZER_NUMBER_OBJECT_CONVERSION = YES_AGGRESSIVE;
				CLANG_CXX_LANGUAGE_STANDARD = "gnu++0x";
				CLANG_CXX_LIBRARY = "libc++";
				CLANG_ENABLE_MODULES = YES;
				CLANG_ENABLE_OBJC_ARC = YES;
				CLANG_WARN_BOOL_CONVERSION = YES;
				CLANG_WARN_CONSTANT_CONVERSION = YES;
				CLANG_WARN_DIRECT_OBJC_ISA_USAGE = YES_ERROR;
				CLANG_WARN_DOCUMENTATION_COMMENTS = YES;
				CLANG_WARN_EMPTY_BODY = YES;
				CLANG_WARN_ENUM_CONVERSION = YES;
				CLANG_WARN_INFINITE_RECURSION = YES;
				CLANG_WARN_INT_CONVERSION = YES;
				CLANG_WARN_OBJC_ROOT_CLASS = YES_ERROR;
				CLANG_WARN_SUSPICIOUS_MOVE = YES;
				CLANG_WARN_UNREACHABLE_CODE = YES;
				CLANG_WARN__DUPLICATE_METHOD_MATCH = YES;
				"CODE_SIGN_IDENTITY[sdk=iphoneos*]" = "iPhone Developer";
				COPY_PHASE_STRIP = NO;
				DEBUG_INFORMATION_FORMAT = dwarf;
				ENABLE_STRICT_OBJC_MSGSEND = YES;
				ENABLE_TESTABILITY = YES;
				GCC_C_LANGUAGE_STANDARD = gnu99;
				GCC_DYNAMIC_NO_PIC = NO;
				GCC_NO_COMMON_BLOCKS = YES;
				GCC_OPTIMIZATION_LEVEL = 0;
				GCC_PREPROCESSOR_DEFINITIONS = (
					"DEBUG=1",
					"$(inherited)",
				);
				GCC_WARN_64_TO_32_BIT_CONVERSION = YES;
				GCC_WARN_ABOUT_RETURN_TYPE = YES_ERROR;
				GCC_WARN_UNDECLARED_SELECTOR = YES;
				GCC_WARN_UNINITIALIZED_AUTOS = YES_AGGRESSIVE;
				GCC_WARN_UNUSED_FUNCTION = YES;
				GCC_WARN_UNUSED_VARIABLE = YES;
				IPHONEOS_DEPLOYMENT_TARGET = 10.3;
				MTL_ENABLE_DEBUG_INFO = YES;
				ONLY_ACTIVE_ARCH = YES;
				SDKROOT = iphoneos;
				SWIFT_ACTIVE_COMPILATION_CONDITIONS = DEBUG;
				SWIFT_OPTIMIZATION_LEVEL = "-Onone";
				TARGETED_DEVICE_FAMILY = "1,2";
			};
			name = Debug;
		};
		07AAA4961EE085AA00D85107 /* Release */ = {
			isa = XCBuildConfiguration;
			buildSettings = {
				ALWAYS_SEARCH_USER_PATHS = NO;
				CLANG_ANALYZER_NONNULL = YES;
				CLANG_ANALYZER_NUMBER_OBJECT_CONVERSION = YES_AGGRESSIVE;
				CLANG_CXX_LANGUAGE_STANDARD = "gnu++0x";
				CLANG_CXX_LIBRARY = "libc++";
				CLANG_ENABLE_MODULES = YES;
				CLANG_ENABLE_OBJC_ARC = YES;
				CLANG_WARN_BOOL_CONVERSION = YES;
				CLANG_WARN_CONSTANT_CONVERSION = YES;
				CLANG_WARN_DIRECT_OBJC_ISA_USAGE = YES_ERROR;
				CLANG_WARN_DOCUMENTATION_COMMENTS = YES;
				CLANG_WARN_EMPTY_BODY = YES;
				CLANG_WARN_ENUM_CONVERSION = YES;
				CLANG_WARN_INFINITE_RECURSION = YES;
				CLANG_WARN_INT_CONVERSION = YES;
				CLANG_WARN_OBJC_ROOT_CLASS = YES_ERROR;
				CLANG_WARN_SUSPICIOUS_MOVE = YES;
				CLANG_WARN_UNREACHABLE_CODE = YES;
				CLANG_WARN__DUPLICATE_METHOD_MATCH = YES;
				"CODE_SIGN_IDENTITY[sdk=iphoneos*]" = "iPhone Developer";
				COPY_PHASE_STRIP = NO;
				DEBUG_INFORMATION_FORMAT = "dwarf-with-dsym";
				ENABLE_NS_ASSERTIONS = NO;
				ENABLE_STRICT_OBJC_MSGSEND = YES;
				GCC_C_LANGUAGE_STANDARD = gnu99;
				GCC_NO_COMMON_BLOCKS = YES;
				GCC_WARN_64_TO_32_BIT_CONVERSION = YES;
				GCC_WARN_ABOUT_RETURN_TYPE = YES_ERROR;
				GCC_WARN_UNDECLARED_SELECTOR = YES;
				GCC_WARN_UNINITIALIZED_AUTOS = YES_AGGRESSIVE;
				GCC_WARN_UNUSED_FUNCTION = YES;
				GCC_WARN_UNUSED_VARIABLE = YES;
				IPHONEOS_DEPLOYMENT_TARGET = 10.3;
				MTL_ENABLE_DEBUG_INFO = NO;
				SDKROOT = iphoneos;
				SWIFT_OPTIMIZATION_LEVEL = "-Owholemodule";
				TARGETED_DEVICE_FAMILY = "1,2";
				VALIDATE_PRODUCT = YES;
			};
			name = Release;
		};
		07AAA4981EE085AA00D85107 /* Debug */ = {
			isa = XCBuildConfiguration;
			buildSettings = {
				ASSETCATALOG_COMPILER_APPICON_NAME = AppIcon;
				DEVELOPMENT_TEAM = "";
				INFOPLIST_FILE = Fishing/Info.plist;
				LD_RUNPATH_SEARCH_PATHS = "$(inherited) @executable_path/Frameworks";
				PRODUCT_BUNDLE_IDENTIFIER = caesar.Fishing;
				PRODUCT_NAME = "$(TARGET_NAME)";
				PROVISIONING_PROFILE_SPECIFIER = "";
				SWIFT_VERSION = 3.0;
			};
			name = Debug;
		};
		07AAA4991EE085AA00D85107 /* Release */ = {
			isa = XCBuildConfiguration;
			buildSettings = {
				ASSETCATALOG_COMPILER_APPICON_NAME = AppIcon;
				DEVELOPMENT_TEAM = "";
				INFOPLIST_FILE = Fishing/Info.plist;
				LD_RUNPATH_SEARCH_PATHS = "$(inherited) @executable_path/Frameworks";
				PRODUCT_BUNDLE_IDENTIFIER = caesar.Fishing;
				PRODUCT_NAME = "$(TARGET_NAME)";
				PROVISIONING_PROFILE_SPECIFIER = "";
				SWIFT_VERSION = 3.0;
			};
			name = Release;
		};
/* End XCBuildConfiguration section */

/* Begin XCConfigurationList section */
		07AAA4801EE085AA00D85107 /* Build configuration list for PBXProject "Fishing" */ = {
			isa = XCConfigurationList;
			buildConfigurations = (
				07AAA4951EE085AA00D85107 /* Debug */,
				07AAA4961EE085AA00D85107 /* Release */,
			);
			defaultConfigurationIsVisible = 0;
			defaultConfigurationName = Release;
		};
		07AAA4971EE085AA00D85107 /* Build configuration list for PBXNativeTarget "Fishing" */ = {
			isa = XCConfigurationList;
			buildConfigurations = (
				07AAA4981EE085AA00D85107 /* Debug */,
				07AAA4991EE085AA00D85107 /* Release */,
			);
			defaultConfigurationIsVisible = 0;
		};
/* End XCConfigurationList section */
	};
	rootObject = 07AAA47D1EE085AA00D85107 /* Project object */;
}
